{
  "originHash" : "59b5eaa427fec5b7e8f2a74ec4ed7384695c0a6fd31f6bb4412a37a03e957f0a",
  "pins" : [
    {
      "identity" : "ios-places-sdk",
      "kind" : "remoteSourceControl",
      "location" : "https://github.com/googlemaps/ios-places-sdk",
      "state" : {
        "revision" : "987497b1eb8a7bbce8cb1d86b2c7cd64d0302452",
        "version" : "10.1.0"
      }
    },
    {
      "identity" : "jinja",
      "kind" : "remoteSourceControl",
      "location" : "https://github.com/johnmai-dev/Jinja",
      "state" : {
        "revision" : "8879db488805122463b6521486d4c0a557fb56dc",
        "version" : "1.2.0"
      }
    },
    {
      "identity" : "swift-argument-parser",
      "kind" : "remoteSourceControl",
      "location" : "https://github.com/apple/swift-argument-parser.git",
      "state" : {
        "revision" : "309a47b2b1d9b5e991f36961c983ecec72275be3",
        "version" : "1.6.1"
      }
    },
    {
      "identity" : "swift-collections",
      "kind" : "remoteSourceControl",
      "location" : "https://github.com/apple/swift-collections.git",
      "state" : {
        "revision" : "c1805596154bb3a265fd91b8ac0c4433b4348fb0",
        "version" : "1.2.0"
      }
    },
    {
      "identity" : "swift-transformers",
      "kind" : "remoteSourceControl",
      "location" : "https://github.com/huggingface/swift-transformers.git",
      "state" : {
        "revision" : "8a83416cc00ab07a5de9991e6ad817a9b8588d20",
        "version" : "0.1.15"
      }
    },
    {
      "identity" : "whisperkit",
      "kind" : "remoteSourceControl",
      "location" : "https://github.com/argmaxinc/whisperkit",
      "state" : {
        "branch" : "main",
        "revision" : "3f13167641cf49a6023f509cda674e22f93b5220"
      }
    }
  ],
  "version" : 3
}
